
Microsoft Visual Studio Solution File, Format Version 12.00
# Visual Studio Version 17
VisualStudioVersion = 17.6.33815.320
MinimumVisualStudioVersion = 10.0.40219.1
Project("{FAE04EC0-301F-11D3-BF4B-00C04F79EFBC}") = "The Moat Week", "The Moat Week\The Moat Week.csproj", "{55E9833D-79EE-4AB8-B91C-B5C79C3EC220}"
EndProject
Global
	GlobalSection(SolutionConfigurationPlatforms) = preSolution
		Debug|Any CPU = Debug|Any CPU
		Release|Any CPU = Release|Any CPU
	EndGlobalSection
	GlobalSection(ProjectConfigurationPlatforms) = postSolution
		{55E9833D-79EE-4AB8-B91C-B5C79C3EC220}.Debug|Any CPU.ActiveCfg = Debug|Any CPU
		{55E9833D-79EE-4AB8-B91C-B5C79C3EC220}.Debug|Any CPU.Build.0 = Debug|Any CPU
		{55E9833D-79EE-4AB8-B91C-B5C79C3EC220}.Release|Any CPU.ActiveCfg = Release|Any CPU
		{55E9833D-79EE-4AB8-B91C-B5C79C3EC220}.Release|Any CPU.Build.0 = Release|Any CPU
	EndGlobalSection
	GlobalSection(SolutionProperties) = preSolution
		HideSolutionNode = FALSE
	EndGlobalSection
	GlobalSection(ExtensibilityGlobals) = postSolution
		SolutionGuid = {D3637A08-1768-4350-A14A-C9F324C52057}
	EndGlobalSection
EndGlobal
